
Microsoft Visual Studio Solution File, Format Version 12.00
# Visual Studio Version 17
VisualStudioVersion = 17.1.32228.430
MinimumVisualStudioVersion = 10.0.40219.1
Project("{9A19103F-16F7-4668-BE54-9A1E7A4F7556}") = "AcademyF_ATCIT.Week8.WPF.AppBase", "AcademyF_ATCIT.Week8.WPF.AppBase\AcademyF_ATCIT.Week8.WPF.AppBase.csproj", "{3CBAC321-D181-418D-946B-672B6F78525B}"
EndProject
Project("{9A19103F-16F7-4668-BE54-9A1E7A4F7556}") = "AcademyF_ATCIT.Week8.Day2Demo", "AcademyF_ATCIT.Week8.Day2Demo\AcademyF_ATCIT.Week8.Day2Demo.csproj", "{080E25C2-C0A3-4746-AFFC-2A7C413AE09D}"
EndProject
Project("{9A19103F-16F7-4668-BE54-9A1E7A4F7556}") = "AcademyF_ATCIT.Week8.Esercitazione", "AcademyF_ATCIT.Week8.Esercitazione\AcademyF_ATCIT.Week8.Esercitazione.csproj", "{F36E5A71-29FE-426F-940C-9E26067DB284}"
EndProject
Project("{FAE04EC0-301F-11D3-BF4B-00C04F79EFBC}") = "AcademyF_ATCIT.Week8.Core", "AcademyF_ATCIT.Week8.Core\AcademyF_ATCIT.Week8.Core.csproj", "{DDA11DE5-152B-4763-93A9-E87387F0F704}"
EndProject
Project("{FAE04EC0-301F-11D3-BF4B-00C04F79EFBC}") = "AcademyF_ATCIT.Week8.RepositoryMOCK", "AcademyF_ATCIT.Week8.RepositoryMOCK\AcademyF_ATCIT.Week8.RepositoryMOCK.csproj", "{66560A99-93B5-486C-898E-EC9A8486E844}"
EndProject
Project("{FAE04EC0-301F-11D3-BF4B-00C04F79EFBC}") = "AcademyF_ATCIT.Week8.EcommLogin", "AcademyF_ATCIT.Week8.EcommLogin\AcademyF_ATCIT.Week8.EcommLogin.csproj", "{544768E6-7269-47C6-8258-F6385CBF6CB9}"
EndProject
Global
	GlobalSection(SolutionConfigurationPlatforms) = preSolution
		Debug|Any CPU = Debug|Any CPU
		Release|Any CPU = Release|Any CPU
	EndGlobalSection
	GlobalSection(ProjectConfigurationPlatforms) = postSolution
		{3CBAC321-D181-418D-946B-672B6F78525B}.Debug|Any CPU.ActiveCfg = Debug|Any CPU
		{3CBAC321-D181-418D-946B-672B6F78525B}.Debug|Any CPU.Build.0 = Debug|Any CPU
		{3CBAC321-D181-418D-946B-672B6F78525B}.Release|Any CPU.ActiveCfg = Release|Any CPU
		{3CBAC321-D181-418D-946B-672B6F78525B}.Release|Any CPU.Build.0 = Release|Any CPU
		{080E25C2-C0A3-4746-AFFC-2A7C413AE09D}.Debug|Any CPU.ActiveCfg = Debug|Any CPU
		{080E25C2-C0A3-4746-AFFC-2A7C413AE09D}.Debug|Any CPU.Build.0 = Debug|Any CPU
		{080E25C2-C0A3-4746-AFFC-2A7C413AE09D}.Release|Any CPU.ActiveCfg = Release|Any CPU
		{080E25C2-C0A3-4746-AFFC-2A7C413AE09D}.Release|Any CPU.Build.0 = Release|Any CPU
		{F36E5A71-29FE-426F-940C-9E26067DB284}.Debug|Any CPU.ActiveCfg = Debug|Any CPU
		{F36E5A71-29FE-426F-940C-9E26067DB284}.Debug|Any CPU.Build.0 = Debug|Any CPU
		{F36E5A71-29FE-426F-940C-9E26067DB284}.Release|Any CPU.ActiveCfg = Release|Any CPU
		{F36E5A71-29FE-426F-940C-9E26067DB284}.Release|Any CPU.Build.0 = Release|Any CPU
		{DDA11DE5-152B-4763-93A9-E87387F0F704}.Debug|Any CPU.ActiveCfg = Debug|Any CPU
		{DDA11DE5-152B-4763-93A9-E87387F0F704}.Debug|Any CPU.Build.0 = Debug|Any CPU
		{DDA11DE5-152B-4763-93A9-E87387F0F704}.Release|Any CPU.ActiveCfg = Release|Any CPU
		{DDA11DE5-152B-4763-93A9-E87387F0F704}.Release|Any CPU.Build.0 = Release|Any CPU
		{66560A99-93B5-486C-898E-EC9A8486E844}.Debug|Any CPU.ActiveCfg = Debug|Any CPU
		{66560A99-93B5-486C-898E-EC9A8486E844}.Debug|Any CPU.Build.0 = Debug|Any CPU
		{66560A99-93B5-486C-898E-EC9A8486E844}.Release|Any CPU.ActiveCfg = Release|Any CPU
		{66560A99-93B5-486C-898E-EC9A8486E844}.Release|Any CPU.Build.0 = Release|Any CPU
		{544768E6-7269-47C6-8258-F6385CBF6CB9}.Debug|Any CPU.ActiveCfg = Debug|Any CPU
		{544768E6-7269-47C6-8258-F6385CBF6CB9}.Debug|Any CPU.Build.0 = Debug|Any CPU
		{544768E6-7269-47C6-8258-F6385CBF6CB9}.Release|Any CPU.ActiveCfg = Release|Any CPU
		{544768E6-7269-47C6-8258-F6385CBF6CB9}.Release|Any CPU.Build.0 = Release|Any CPU
	EndGlobalSection
	GlobalSection(SolutionProperties) = preSolution
		HideSolutionNode = FALSE
	EndGlobalSection
	GlobalSection(ExtensibilityGlobals) = postSolution
		SolutionGuid = {A5855030-0F07-45EF-9380-137E4B73BECB}
	EndGlobalSection
EndGlobal
