
Microsoft Visual Studio Solution File, Format Version 12.00
# Visual Studio Version 17
VisualStudioVersion = 17.1.32228.430
MinimumVisualStudioVersion = 10.0.40219.1
Project("{FAE04EC0-301F-11D3-BF4B-00C04F79EFBC}") = "AcademyF_ATCIT.Week8.WPF.AppBase", "AcademyF_ATCIT.Week8.WPF.AppBase\AcademyF_ATCIT.Week8.WPF.AppBase.csproj", "{3CBAC321-D181-418D-946B-672B6F78525B}"
EndProject
Global
	GlobalSection(SolutionConfigurationPlatforms) = preSolution
		Debug|Any CPU = Debug|Any CPU
		Release|Any CPU = Release|Any CPU
	EndGlobalSection
	GlobalSection(ProjectConfigurationPlatforms) = postSolution
		{3CBAC321-D181-418D-946B-672B6F78525B}.Debug|Any CPU.ActiveCfg = Debug|Any CPU
		{3CBAC321-D181-418D-946B-672B6F78525B}.Debug|Any CPU.Build.0 = Debug|Any CPU
		{3CBAC321-D181-418D-946B-672B6F78525B}.Release|Any CPU.ActiveCfg = Release|Any CPU
		{3CBAC321-D181-418D-946B-672B6F78525B}.Release|Any CPU.Build.0 = Release|Any CPU
	EndGlobalSection
	GlobalSection(SolutionProperties) = preSolution
		HideSolutionNode = FALSE
	EndGlobalSection
	GlobalSection(ExtensibilityGlobals) = postSolution
		SolutionGuid = {A5855030-0F07-45EF-9380-137E4B73BECB}
	EndGlobalSection
EndGlobal
